{
  "version": 4,
  "terraform_version": "0.12.26",
  "serial": 51,
  "lineage": "1c419cd3-ae65-c35f-4e46-4d4a5a37f9ee",
  "outputs": {
    "network_name": {
      "value": {
        "network": {
          "network": {
            "auto_create_subnetworks": false,
            "delete_default_routes_on_create": false,
            "description": "",
            "gateway_ipv4": "",
            "id": "projects/otl-eng-core-share-ops/global/networks/core-share",
            "ipv4_range": null,
            "name": "core-share",
            "project": "otl-eng-core-share-ops",
            "routing_mode": "GLOBAL",
            "self_link": "https://www.googleapis.com/compute/v1/projects/otl-eng-core-share-ops/global/networks/core-share",
            "timeouts": null
          },
          "network_name": "core-share",
          "network_self_link": "https://www.googleapis.com/compute/v1/projects/otl-eng-core-share-ops/global/networks/core-share",
          "project_id": "otl-eng-core-share-ops"
        },
        "network_name": "core-share",
        "network_self_link": "https://www.googleapis.com/compute/v1/projects/otl-eng-core-share-ops/global/networks/core-share",
        "project_id": "otl-eng-core-share-ops",
        "route_names": [],
        "subnets": {
          "us-central1/subnet-priv-re1": {
            "creation_timestamp": "2020-06-22T08:36:09.306-07:00",
            "description": "This is the Private Subnet",
            "enable_flow_logs": null,
            "fingerprint": null,
            "gateway_address": "10.26.1.1",
            "id": "projects/otl-eng-core-share-ops/regions/us-central1/subnetworks/subnet-priv-re1",
            "ip_cidr_range": "10.26.1.0/24",
            "log_config": [
              {
                "aggregation_interval": "INTERVAL_5_SEC",
                "flow_sampling": 0.5,
                "metadata": "INCLUDE_ALL_METADATA"
              }
            ],
            "name": "subnet-priv-re1",
            "network": "https://www.googleapis.com/compute/v1/projects/otl-eng-core-share-ops/global/networks/core-share",
            "private_ip_google_access": true,
            "project": "otl-eng-core-share-ops",
            "region": "us-central1",
            "secondary_ip_range": [],
            "self_link": "https://www.googleapis.com/compute/v1/projects/otl-eng-core-share-ops/regions/us-central1/subnetworks/subnet-priv-re1",
            "timeouts": null
          },
          "us-central1/subnet-pub-re1": {
            "creation_timestamp": "2020-06-22T08:36:09.555-07:00",
            "description": "This is the Public Subnet",
            "enable_flow_logs": null,
            "fingerprint": null,
            "gateway_address": "10.26.2.1",
            "id": "projects/otl-eng-core-share-ops/regions/us-central1/subnetworks/subnet-pub-re1",
            "ip_cidr_range": "10.26.2.0/24",
            "log_config": [
              {
                "aggregation_interval": "INTERVAL_5_SEC",
                "flow_sampling": 0.5,
                "metadata": "INCLUDE_ALL_METADATA"
              }
            ],
            "name": "subnet-pub-re1",
            "network": "https://www.googleapis.com/compute/v1/projects/otl-eng-core-share-ops/global/networks/core-share",
            "private_ip_google_access": false,
            "project": "otl-eng-core-share-ops",
            "region": "us-central1",
            "secondary_ip_range": [],
            "self_link": "https://www.googleapis.com/compute/v1/projects/otl-eng-core-share-ops/regions/us-central1/subnetworks/subnet-pub-re1",
            "timeouts": null
          },
          "us-east1/subnet-priv-re2": {
            "creation_timestamp": "2020-06-22T08:36:09.501-07:00",
            "description": "This is the Private Subnet",
            "enable_flow_logs": null,
            "fingerprint": null,
            "gateway_address": "10.26.3.1",
            "id": "projects/otl-eng-core-share-ops/regions/us-east1/subnetworks/subnet-priv-re2",
            "ip_cidr_range": "10.26.3.0/24",
            "log_config": [
              {
                "aggregation_interval": "INTERVAL_5_SEC",
                "flow_sampling": 0.5,
                "metadata": "INCLUDE_ALL_METADATA"
              }
            ],
            "name": "subnet-priv-re2",
            "network": "https://www.googleapis.com/compute/v1/projects/otl-eng-core-share-ops/global/networks/core-share",
            "private_ip_google_access": true,
            "project": "otl-eng-core-share-ops",
            "region": "us-east1",
            "secondary_ip_range": [],
            "self_link": "https://www.googleapis.com/compute/v1/projects/otl-eng-core-share-ops/regions/us-east1/subnetworks/subnet-priv-re2",
            "timeouts": null
          },
          "us-east1/subnet-pub-re2": {
            "creation_timestamp": "2020-06-22T08:36:09.576-07:00",
            "description": "This is the Public Subnet",
            "enable_flow_logs": null,
            "fingerprint": null,
            "gateway_address": "10.26.4.1",
            "id": "projects/otl-eng-core-share-ops/regions/us-east1/subnetworks/subnet-pub-re2",
            "ip_cidr_range": "10.26.4.0/24",
            "log_config": [
              {
                "aggregation_interval": "INTERVAL_5_SEC",
                "flow_sampling": 0.5,
                "metadata": "INCLUDE_ALL_METADATA"
              }
            ],
            "name": "subnet-pub-re2",
            "network": "https://www.googleapis.com/compute/v1/projects/otl-eng-core-share-ops/global/networks/core-share",
            "private_ip_google_access": false,
            "project": "otl-eng-core-share-ops",
            "region": "us-east1",
            "secondary_ip_range": [],
            "self_link": "https://www.googleapis.com/compute/v1/projects/otl-eng-core-share-ops/regions/us-east1/subnetworks/subnet-pub-re2",
            "timeouts": null
          }
        },
        "subnets_flow_logs": [
          true,
          true,
          true,
          true
        ],
        "subnets_ips": [
          "10.26.1.0/24",
          "10.26.2.0/24",
          "10.26.3.0/24",
          "10.26.4.0/24"
        ],
        "subnets_names": [
          "subnet-priv-re1",
          "subnet-pub-re1",
          "subnet-priv-re2",
          "subnet-pub-re2"
        ],
        "subnets_private_access": [
          true,
          false,
          true,
          false
        ],
        "subnets_regions": [
          "us-central1",
          "us-central1",
          "us-east1",
          "us-east1"
        ],
        "subnets_secondary_ranges": [
          [],
          [],
          [],
          []
        ],
        "subnets_self_links": [
          "https://www.googleapis.com/compute/v1/projects/otl-eng-core-share-ops/regions/us-central1/subnetworks/subnet-priv-re1",
          "https://www.googleapis.com/compute/v1/projects/otl-eng-core-share-ops/regions/us-central1/subnetworks/subnet-pub-re1",
          "https://www.googleapis.com/compute/v1/projects/otl-eng-core-share-ops/regions/us-east1/subnetworks/subnet-priv-re2",
          "https://www.googleapis.com/compute/v1/projects/otl-eng-core-share-ops/regions/us-east1/subnetworks/subnet-pub-re2"
        ]
      },
      "type": [
        "object",
        {
          "network": [
            "object",
            {
              "network": [
                "object",
                {
                  "auto_create_subnetworks": "bool",
                  "delete_default_routes_on_create": "bool",
                  "description": "string",
                  "gateway_ipv4": "string",
                  "id": "string",
                  "ipv4_range": "string",
                  "name": "string",
                  "project": "string",
                  "routing_mode": "string",
                  "self_link": "string",
                  "timeouts": [
                    "object",
                    {
                      "create": "string",
                      "delete": "string",
                      "update": "string"
                    }
                  ]
                }
              ],
              "network_name": "string",
              "network_self_link": "string",
              "project_id": "string"
            }
          ],
          "network_name": "string",
          "network_self_link": "string",
          "project_id": "string",
          "route_names": [
            "tuple",
            []
          ],
          "subnets": [
            "object",
            {
              "us-central1/subnet-priv-re1": [
                "object",
                {
                  "creation_timestamp": "string",
                  "description": "string",
                  "enable_flow_logs": "bool",
                  "fingerprint": "string",
                  "gateway_address": "string",
                  "id": "string",
                  "ip_cidr_range": "string",
                  "log_config": [
                    "list",
                    [
                      "object",
                      {
                        "aggregation_interval": "string",
                        "flow_sampling": "number",
                        "metadata": "string"
                      }
                    ]
                  ],
                  "name": "string",
                  "network": "string",
                  "private_ip_google_access": "bool",
                  "project": "string",
                  "region": "string",
                  "secondary_ip_range": [
                    "list",
                    [
                      "object",
                      {
                        "ip_cidr_range": "string",
                        "range_name": "string"
                      }
                    ]
                  ],
                  "self_link": "string",
                  "timeouts": [
                    "object",
                    {
                      "create": "string",
                      "delete": "string",
                      "update": "string"
                    }
                  ]
                }
              ],
              "us-central1/subnet-pub-re1": [
                "object",
                {
                  "creation_timestamp": "string",
                  "description": "string",
                  "enable_flow_logs": "bool",
                  "fingerprint": "string",
                  "gateway_address": "string",
                  "id": "string",
                  "ip_cidr_range": "string",
                  "log_config": [
                    "list",
                    [
                      "object",
                      {
                        "aggregation_interval": "string",
                        "flow_sampling": "number",
                        "metadata": "string"
                      }
                    ]
                  ],
                  "name": "string",
                  "network": "string",
                  "private_ip_google_access": "bool",
                  "project": "string",
                  "region": "string",
                  "secondary_ip_range": [
                    "list",
                    [
                      "object",
                      {
                        "ip_cidr_range": "string",
                        "range_name": "string"
                      }
                    ]
                  ],
                  "self_link": "string",
                  "timeouts": [
                    "object",
                    {
                      "create": "string",
                      "delete": "string",
                      "update": "string"
                    }
                  ]
                }
              ],
              "us-east1/subnet-priv-re2": [
                "object",
                {
                  "creation_timestamp": "string",
                  "description": "string",
                  "enable_flow_logs": "bool",
                  "fingerprint": "string",
                  "gateway_address": "string",
                  "id": "string",
                  "ip_cidr_range": "string",
                  "log_config": [
                    "list",
                    [
                      "object",
                      {
                        "aggregation_interval": "string",
                        "flow_sampling": "number",
                        "metadata": "string"
                      }
                    ]
                  ],
                  "name": "string",
                  "network": "string",
                  "private_ip_google_access": "bool",
                  "project": "string",
                  "region": "string",
                  "secondary_ip_range": [
                    "list",
                    [
                      "object",
                      {
                        "ip_cidr_range": "string",
                        "range_name": "string"
                      }
                    ]
                  ],
                  "self_link": "string",
                  "timeouts": [
                    "object",
                    {
                      "create": "string",
                      "delete": "string",
                      "update": "string"
                    }
                  ]
                }
              ],
              "us-east1/subnet-pub-re2": [
                "object",
                {
                  "creation_timestamp": "string",
                  "description": "string",
                  "enable_flow_logs": "bool",
                  "fingerprint": "string",
                  "gateway_address": "string",
                  "id": "string",
                  "ip_cidr_range": "string",
                  "log_config": [
                    "list",
                    [
                      "object",
                      {
                        "aggregation_interval": "string",
                        "flow_sampling": "number",
                        "metadata": "string"
                      }
                    ]
                  ],
                  "name": "string",
                  "network": "string",
                  "private_ip_google_access": "bool",
                  "project": "string",
                  "region": "string",
                  "secondary_ip_range": [
                    "list",
                    [
                      "object",
                      {
                        "ip_cidr_range": "string",
                        "range_name": "string"
                      }
                    ]
                  ],
                  "self_link": "string",
                  "timeouts": [
                    "object",
                    {
                      "create": "string",
                      "delete": "string",
                      "update": "string"
                    }
                  ]
                }
              ]
            }
          ],
          "subnets_flow_logs": [
            "tuple",
            [
              "bool",
              "bool",
              "bool",
              "bool"
            ]
          ],
          "subnets_ips": [
            "tuple",
            [
              "string",
              "string",
              "string",
              "string"
            ]
          ],
          "subnets_names": [
            "tuple",
            [
              "string",
              "string",
              "string",
              "string"
            ]
          ],
          "subnets_private_access": [
            "tuple",
            [
              "bool",
              "bool",
              "bool",
              "bool"
            ]
          ],
          "subnets_regions": [
            "tuple",
            [
              "string",
              "string",
              "string",
              "string"
            ]
          ],
          "subnets_secondary_ranges": [
            "tuple",
            [
              [
                "list",
                [
                  "object",
                  {
                    "ip_cidr_range": "string",
                    "range_name": "string"
                  }
                ]
              ],
              [
                "list",
                [
                  "object",
                  {
                    "ip_cidr_range": "string",
                    "range_name": "string"
                  }
                ]
              ],
              [
                "list",
                [
                  "object",
                  {
                    "ip_cidr_range": "string",
                    "range_name": "string"
                  }
                ]
              ],
              [
                "list",
                [
                  "object",
                  {
                    "ip_cidr_range": "string",
                    "range_name": "string"
                  }
                ]
              ]
            ]
          ],
          "subnets_self_links": [
            "tuple",
            [
              "string",
              "string",
              "string",
              "string"
            ]
          ]
        }
      ]
    },
    "route_names": {
      "value": [
        "egress-internet"
      ],
      "type": [
        "tuple",
        [
          "string"
        ]
      ]
    },
    "routes": {
      "value": {
        "egress-internet": {
          "description": "Route through IGW to access internet",
          "dest_range": "0.0.0.0/0",
          "id": "projects/otl-eng-core-share-ops/global/routes/egress-internet",
          "name": "egress-internet",
          "network": "https://www.googleapis.com/compute/v1/projects/otl-eng-core-share-ops/global/networks/core-share",
          "next_hop_gateway": "https://www.googleapis.com/compute/v1/projects/otl-eng-core-share-ops/global/gateways/default-internet-gateway",
          "next_hop_ilb": "",
          "next_hop_instance": "",
          "next_hop_instance_zone": null,
          "next_hop_ip": "",
          "next_hop_network": "",
          "next_hop_vpn_tunnel": "",
          "priority": 1000,
          "project": "otl-eng-core-share-ops",
          "self_link": "https://www.googleapis.com/compute/v1/projects/otl-eng-core-share-ops/global/routes/egress-internet",
          "tags": [
            "egress-intet"
          ],
          "timeouts": null
        }
      },
      "type": [
        "object",
        {
          "egress-internet": [
            "object",
            {
              "description": "string",
              "dest_range": "string",
              "id": "string",
              "name": "string",
              "network": "string",
              "next_hop_gateway": "string",
              "next_hop_ilb": "string",
              "next_hop_instance": "string",
              "next_hop_instance_zone": "string",
              "next_hop_ip": "string",
              "next_hop_network": "string",
              "next_hop_vpn_tunnel": "string",
              "priority": "number",
              "project": "string",
              "self_link": "string",
              "tags": [
                "set",
                "string"
              ],
              "timeouts": [
                "object",
                {
                  "create": "string",
                  "delete": "string"
                }
              ]
            }
          ]
        }
      ]
    },
    "subnets_flow_logs": {
      "value": [
        true,
        true,
        true,
        true
      ],
      "type": [
        "tuple",
        [
          "bool",
          "bool",
          "bool",
          "bool"
        ]
      ]
    },
    "subnets_ips": {
      "value": [
        "10.26.1.0/24",
        "10.26.2.0/24",
        "10.26.3.0/24",
        "10.26.4.0/24"
      ],
      "type": [
        "tuple",
        [
          "string",
          "string",
          "string",
          "string"
        ]
      ]
    },
    "subnets_names": {
      "value": [
        "subnet-priv-re1",
        "subnet-pub-re1",
        "subnet-priv-re2",
        "subnet-pub-re2"
      ],
      "type": [
        "tuple",
        [
          "string",
          "string",
          "string",
          "string"
        ]
      ]
    },
    "subnets_regions": {
      "value": [
        "us-central1",
        "us-central1",
        "us-east1",
        "us-east1"
      ],
      "type": [
        "tuple",
        [
          "string",
          "string",
          "string",
          "string"
        ]
      ]
    },
    "subnets_self_links": {
      "value": [
        "https://www.googleapis.com/compute/v1/projects/otl-eng-core-share-ops/regions/us-central1/subnetworks/subnet-priv-re1",
        "https://www.googleapis.com/compute/v1/projects/otl-eng-core-share-ops/regions/us-central1/subnetworks/subnet-pub-re1",
        "https://www.googleapis.com/compute/v1/projects/otl-eng-core-share-ops/regions/us-east1/subnetworks/subnet-priv-re2",
        "https://www.googleapis.com/compute/v1/projects/otl-eng-core-share-ops/regions/us-east1/subnetworks/subnet-pub-re2"
      ],
      "type": [
        "tuple",
        [
          "string",
          "string",
          "string",
          "string"
        ]
      ]
    }
  },
  "resources": [
    {
      "mode": "managed",
      "type": "google_compute_address",
      "name": "static",
      "provider": "provider.google",
      "instances": [
        {
          "schema_version": 0,
          "attributes": {
            "address": "34.68.144.115",
            "address_type": "EXTERNAL",
            "creation_timestamp": "2020-06-22T08:35:56.620-07:00",
            "description": "",
            "id": "projects/otl-eng-core-share-ops/regions/us-central1/addresses/bastion-staticips-core-share",
            "name": "bastion-staticips-core-share",
            "network_tier": "PREMIUM",
            "project": "otl-eng-core-share-ops",
            "purpose": "",
            "region": "us-central1",
            "self_link": "https://www.googleapis.com/compute/v1/projects/otl-eng-core-share-ops/regions/us-central1/addresses/bastion-staticips-core-share",
            "subnetwork": "",
            "timeouts": null,
            "users": [
              "https://www.googleapis.com/compute/v1/projects/otl-eng-core-share-ops/zones/us-central1-b/instances/bastion-group-manager-q9sh"
            ]
          },
          "private": "eyJlMmJmYjczMC1lY2FhLTExZTYtOGY4OC0zNDM2M2JjN2M0YzAiOnsiY3JlYXRlIjoyNDAwMDAwMDAwMDAsImRlbGV0ZSI6MjQwMDAwMDAwMDAwfX0="
        }
      ]
    },
    {
      "module": "module.re1-net-firewall",
      "mode": "managed",
      "type": "google_compute_firewall",
      "name": "allow-admins",
      "each": "list",
      "provider": "provider.google",
      "instances": []
    },
    {
      "mode": "managed",
      "type": "google_compute_firewall",
      "name": "allow-bastion-ssh",
      "provider": "provider.google",
      "instances": [
        {
          "schema_version": 1,
          "attributes": {
            "allow": [
              {
                "ports": [
                  "22"
                ],
                "protocol": "tcp"
              }
            ],
            "creation_timestamp": "2020-06-22T08:36:09.261-07:00",
            "deny": [],
            "description": "",
            "destination_ranges": [],
            "direction": "INGRESS",
            "disabled": false,
            "enable_logging": false,
            "id": "projects/otl-eng-core-share-ops/global/firewalls/core-share-fw-allow-bastion",
            "name": "core-share-fw-allow-bastion",
            "network": "https://www.googleapis.com/compute/v1/projects/otl-eng-core-share-ops/global/networks/core-share",
            "priority": 1000,
            "project": "otl-eng-core-share-ops",
            "self_link": "https://www.googleapis.com/compute/v1/projects/otl-eng-core-share-ops/global/firewalls/core-share-fw-allow-bastion",
            "source_ranges": [],
            "source_service_accounts": [],
            "source_tags": [
              "bastion"
            ],
            "target_service_accounts": [],
            "target_tags": [
              "backend"
            ],
            "timeouts": null
          },
          "private": "eyJlMmJmYjczMC1lY2FhLTExZTYtOGY4OC0zNDM2M2JjN2M0YzAiOnsiY3JlYXRlIjoyNDAwMDAwMDAwMDAsImRlbGV0ZSI6MjQwMDAwMDAwMDAwLCJ1cGRhdGUiOjI0MDAwMDAwMDAwMH0sInNjaGVtYV92ZXJzaW9uIjoiMSJ9",
          "dependencies": [
            "module.network.module.vpc.google_compute_network.network"
          ]
        }
      ]
    },
    {
      "module": "module.re1-net-firewall",
      "mode": "managed",
      "type": "google_compute_firewall",
      "name": "allow-internal",
      "each": "list",
      "provider": "provider.google",
      "instances": [
        {
          "index_key": 0,
          "schema_version": 1,
          "attributes": {
            "allow": [
              {
                "ports": [],
                "protocol": "icmp"
              }
            ],
            "creation_timestamp": "2020-06-22T08:36:21.620-07:00",
            "deny": [],
            "description": "Allow ingress traffic from internal IP ranges",
            "destination_ranges": [],
            "direction": "INGRESS",
            "disabled": false,
            "enable_logging": false,
            "id": "projects/otl-eng-core-share-ops/global/firewalls/core-share-ingress-internal",
            "name": "core-share-ingress-internal",
            "network": "https://www.googleapis.com/compute/v1/projects/otl-eng-core-share-ops/global/networks/core-share",
            "priority": 1000,
            "project": "otl-eng-core-share-ops",
            "self_link": "https://www.googleapis.com/compute/v1/projects/otl-eng-core-share-ops/global/firewalls/core-share-ingress-internal",
            "source_ranges": [
              "10.26.1.0/24"
            ],
            "source_service_accounts": [],
            "source_tags": [],
            "target_service_accounts": [],
            "target_tags": [],
            "timeouts": null
          },
          "private": "eyJlMmJmYjczMC1lY2FhLTExZTYtOGY4OC0zNDM2M2JjN2M0YzAiOnsiY3JlYXRlIjoyNDAwMDAwMDAwMDAsImRlbGV0ZSI6MjQwMDAwMDAwMDAwLCJ1cGRhdGUiOjI0MDAwMDAwMDAwMH0sInNjaGVtYV92ZXJzaW9uIjoiMSJ9",
          "dependencies": [
            "module.network.module.vpc.google_compute_network.network"
          ]
        }
      ]
    },
    {
      "module": "module.re1-net-firewall",
      "mode": "managed",
      "type": "google_compute_firewall",
      "name": "allow-tag-http",
      "each": "list",
      "provider": "provider.google",
      "instances": [
        {
          "index_key": 0,
          "schema_version": 1,
          "attributes": {
            "allow": [
              {
                "ports": [
                  "80"
                ],
                "protocol": "tcp"
              }
            ],
            "creation_timestamp": "2020-06-22T08:36:21.618-07:00",
            "deny": [],
            "description": "Allow HTTP to machines with the 'http-server' tag",
            "destination_ranges": [],
            "direction": "INGRESS",
            "disabled": false,
            "enable_logging": false,
            "id": "projects/otl-eng-core-share-ops/global/firewalls/core-share-ingress-tag-http",
            "name": "core-share-ingress-tag-http",
            "network": "https://www.googleapis.com/compute/v1/projects/otl-eng-core-share-ops/global/networks/core-share",
            "priority": 1000,
            "project": "otl-eng-core-share-ops",
            "self_link": "https://www.googleapis.com/compute/v1/projects/otl-eng-core-share-ops/global/firewalls/core-share-ingress-tag-http",
            "source_ranges": [
              "0.0.0.0/0"
            ],
            "source_service_accounts": [],
            "source_tags": [],
            "target_service_accounts": [],
            "target_tags": [
              "http-server"
            ],
            "timeouts": null
          },
          "private": "eyJlMmJmYjczMC1lY2FhLTExZTYtOGY4OC0zNDM2M2JjN2M0YzAiOnsiY3JlYXRlIjoyNDAwMDAwMDAwMDAsImRlbGV0ZSI6MjQwMDAwMDAwMDAwLCJ1cGRhdGUiOjI0MDAwMDAwMDAwMH0sInNjaGVtYV92ZXJzaW9uIjoiMSJ9",
          "dependencies": [
            "module.network.module.vpc.google_compute_network.network"
          ]
        }
      ]
    },
    {
      "module": "module.re1-net-firewall",
      "mode": "managed",
      "type": "google_compute_firewall",
      "name": "allow-tag-https",
      "each": "list",
      "provider": "provider.google",
      "instances": [
        {
          "index_key": 0,
          "schema_version": 1,
          "attributes": {
            "allow": [
              {
                "ports": [
                  "443"
                ],
                "protocol": "tcp"
              }
            ],
            "creation_timestamp": "2020-06-22T08:36:20.922-07:00",
            "deny": [],
            "description": "Allow HTTPS to machines with the 'https' tag",
            "destination_ranges": [],
            "direction": "INGRESS",
            "disabled": false,
            "enable_logging": false,
            "id": "projects/otl-eng-core-share-ops/global/firewalls/core-share-ingress-tag-https",
            "name": "core-share-ingress-tag-https",
            "network": "https://www.googleapis.com/compute/v1/projects/otl-eng-core-share-ops/global/networks/core-share",
            "priority": 1000,
            "project": "otl-eng-core-share-ops",
            "self_link": "https://www.googleapis.com/compute/v1/projects/otl-eng-core-share-ops/global/firewalls/core-share-ingress-tag-https",
            "source_ranges": [
              "0.0.0.0/0"
            ],
            "source_service_accounts": [],
            "source_tags": [],
            "target_service_accounts": [],
            "target_tags": [
              "https-server"
            ],
            "timeouts": null
          },
          "private": "eyJlMmJmYjczMC1lY2FhLTExZTYtOGY4OC0zNDM2M2JjN2M0YzAiOnsiY3JlYXRlIjoyNDAwMDAwMDAwMDAsImRlbGV0ZSI6MjQwMDAwMDAwMDAwLCJ1cGRhdGUiOjI0MDAwMDAwMDAwMH0sInNjaGVtYV92ZXJzaW9uIjoiMSJ9",
          "dependencies": [
            "module.network.module.vpc.google_compute_network.network"
          ]
        }
      ]
    },
    {
      "module": "module.re1-net-firewall",
      "mode": "managed",
      "type": "google_compute_firewall",
      "name": "allow-tag-ssh",
      "each": "list",
      "provider": "provider.google",
      "instances": [
        {
          "index_key": 0,
          "schema_version": 1,
          "attributes": {
            "allow": [
              {
                "ports": [
                  "22"
                ],
                "protocol": "tcp"
              }
            ],
            "creation_timestamp": "2020-06-22T08:36:20.947-07:00",
            "deny": [],
            "description": "Allow SSH to machines with the 'ssh' tag",
            "destination_ranges": [],
            "direction": "INGRESS",
            "disabled": false,
            "enable_logging": false,
            "id": "projects/otl-eng-core-share-ops/global/firewalls/core-share-ingress-tag-ssh",
            "name": "core-share-ingress-tag-ssh",
            "network": "https://www.googleapis.com/compute/v1/projects/otl-eng-core-share-ops/global/networks/core-share",
            "priority": 1000,
            "project": "otl-eng-core-share-ops",
            "self_link": "https://www.googleapis.com/compute/v1/projects/otl-eng-core-share-ops/global/firewalls/core-share-ingress-tag-ssh",
            "source_ranges": [
              "0.0.0.0/0"
            ],
            "source_service_accounts": [],
            "source_tags": [],
            "target_service_accounts": [],
            "target_tags": [
              "ssh"
            ],
            "timeouts": null
          },
          "private": "eyJlMmJmYjczMC1lY2FhLTExZTYtOGY4OC0zNDM2M2JjN2M0YzAiOnsiY3JlYXRlIjoyNDAwMDAwMDAwMDAsImRlbGV0ZSI6MjQwMDAwMDAwMDAwLCJ1cGRhdGUiOjI0MDAwMDAwMDAwMH0sInNjaGVtYV92ZXJzaW9uIjoiMSJ9",
          "dependencies": [
            "module.network.module.vpc.google_compute_network.network"
          ]
        }
      ]
    },
    {
      "module": "module.re1-net-firewall",
      "mode": "managed",
      "type": "google_compute_firewall",
      "name": "custom",
      "each": "map",
      "provider": "provider.google",
      "instances": []
    },
    {
      "mode": "managed",
      "type": "google_compute_instance_template",
      "name": "instance_template_bas",
      "each": "list",
      "provider": "provider.google",
      "instances": [
        {
          "index_key": 0,
          "schema_version": 1,
          "attributes": {
            "can_ip_forward": false,
            "description": "Autoscaling group for Bastion",
            "disk": [
              {
                "auto_delete": true,
                "boot": true,
                "device_name": "persistent-disk-0",
                "disk_encryption_key": [],
                "disk_name": "",
                "disk_size_gb": 0,
                "disk_type": "pd-standard",
                "interface": "SCSI",
                "labels": {},
                "mode": "READ_WRITE",
                "source": "",
                "source_image": "projects/ubuntu-os-cloud/global/images/family/ubuntu-1604-lts",
                "type": "PERSISTENT"
              },
              {
                "auto_delete": false,
                "boot": false,
                "device_name": "persistent-disk-1",
                "disk_encryption_key": [],
                "disk_name": "",
                "disk_size_gb": 10,
                "disk_type": "pd-standard",
                "interface": "SCSI",
                "labels": {},
                "mode": "READ_WRITE",
                "source": "",
                "source_image": "",
                "type": "PERSISTENT"
              }
            ],
            "enable_display": null,
            "guest_accelerator": [],
            "id": "projects/otl-eng-core-share-ops/global/instanceTemplates/bastion-core-share-1",
            "instance_description": "Bastion in autoscale",
            "labels": {
              "environment": "security",
              "tier": "bastion"
            },
            "machine_type": "f1-micro",
            "metadata": {
              "foo": "bar"
            },
            "metadata_fingerprint": "JIkioRx_aIg=",
            "metadata_startup_script": null,
            "min_cpu_platform": "",
            "name": "bastion-core-share-1",
            "name_prefix": null,
            "network_interface": [
              {
                "access_config": [
                  {
                    "nat_ip": "34.68.144.115",
                    "network_tier": "PREMIUM",
                    "public_ptr_domain_name": ""
                  }
                ],
                "alias_ip_range": [],
                "name": "",
                "network": "https://www.googleapis.com/compute/v1/projects/otl-eng-core-share-ops/global/networks/core-share",
                "network_ip": "",
                "subnetwork": "https://www.googleapis.com/compute/v1/projects/otl-eng-core-share-ops/regions/us-central1/subnetworks/subnet-pub-re1",
                "subnetwork_project": "otl-eng-core-share-ops"
              }
            ],
            "project": "otl-eng-core-share-ops",
            "region": "us-central1",
            "scheduling": [
              {
                "automatic_restart": true,
                "node_affinities": [],
                "on_host_maintenance": "MIGRATE",
                "preemptible": false
              }
            ],
            "self_link": "https://www.googleapis.com/compute/beta/projects/otl-eng-core-share-ops/global/instanceTemplates/bastion-core-share-1",
            "service_account": [
              {
                "email": "default",
                "scopes": [
                  "https://www.googleapis.com/auth/compute.readonly",
                  "https://www.googleapis.com/auth/devstorage.read_only",
                  "https://www.googleapis.com/auth/userinfo.email"
                ]
              }
            ],
            "shielded_instance_config": [],
            "tags": [
              "bastion",
              "ssh"
            ],
            "tags_fingerprint": "",
            "timeouts": null
          },
          "private": "eyJlMmJmYjczMC1lY2FhLTExZTYtOGY4OC0zNDM2M2JjN2M0YzAiOnsiY3JlYXRlIjoyNDAwMDAwMDAwMDAsImRlbGV0ZSI6MjQwMDAwMDAwMDAwfSwic2NoZW1hX3ZlcnNpb24iOiIxIn0=",
          "dependencies": [
            "google_compute_address.static",
            "module.network.module.vpc.google_compute_network.network"
          ]
        }
      ]
    },
    {
      "mode": "managed",
      "type": "google_compute_instance_template",
      "name": "instance_template_es",
      "provider": "provider.google",
      "instances": [
        {
          "schema_version": 1,
          "attributes": {
            "can_ip_forward": false,
            "description": "Stateful Managed Instance group for Elastic Search",
            "disk": [
              {
                "auto_delete": true,
                "boot": true,
                "device_name": "persistent-disk-0",
                "disk_encryption_key": [],
                "disk_name": "",
                "disk_size_gb": 0,
                "disk_type": "pd-standard",
                "interface": "SCSI",
                "labels": {},
                "mode": "READ_WRITE",
                "source": "",
                "source_image": "projects/ubuntu-os-cloud/global/images/family/ubuntu-1604-lts",
                "type": "PERSISTENT"
              },
              {
                "auto_delete": false,
                "boot": false,
                "device_name": "elasticsearch-persdisk-core-share",
                "disk_encryption_key": [],
                "disk_name": "",
                "disk_size_gb": 10,
                "disk_type": "pd-standard",
                "interface": "SCSI",
                "labels": {},
                "mode": "READ_WRITE",
                "source": "",
                "source_image": "",
                "type": "PERSISTENT"
              }
            ],
            "enable_display": null,
            "guest_accelerator": [],
            "id": "projects/otl-eng-core-share-ops/global/instanceTemplates/elasticsearchtemplate-core-share",
            "instance_description": "ElasticSearch in Stateful Deployment",
            "labels": {
              "environment": "prod",
              "tier": "backend"
            },
            "machine_type": "f1-micro",
            "metadata": {
              "foo": "bar"
            },
            "metadata_fingerprint": "JIkioRx_aIg=",
            "metadata_startup_script": null,
            "min_cpu_platform": "",
            "name": "elasticsearchtemplate-core-share",
            "name_prefix": null,
            "network_interface": [
              {
                "access_config": [],
                "alias_ip_range": [],
                "name": "",
                "network": "https://www.googleapis.com/compute/v1/projects/otl-eng-core-share-ops/global/networks/core-share",
                "network_ip": "",
                "subnetwork": "https://www.googleapis.com/compute/v1/projects/otl-eng-core-share-ops/regions/us-central1/subnetworks/subnet-priv-re1",
                "subnetwork_project": "otl-eng-core-share-ops"
              }
            ],
            "project": "otl-eng-core-share-ops",
            "region": "us-central1",
            "scheduling": [
              {
                "automatic_restart": true,
                "node_affinities": [],
                "on_host_maintenance": "MIGRATE",
                "preemptible": false
              }
            ],
            "self_link": "https://www.googleapis.com/compute/beta/projects/otl-eng-core-share-ops/global/instanceTemplates/elasticsearchtemplate-core-share",
            "service_account": [
              {
                "email": "default",
                "scopes": [
                  "https://www.googleapis.com/auth/compute.readonly",
                  "https://www.googleapis.com/auth/devstorage.read_only",
                  "https://www.googleapis.com/auth/userinfo.email"
                ]
              }
            ],
            "shielded_instance_config": [],
            "tags": [
              "backend",
              "elasticsearch"
            ],
            "tags_fingerprint": "",
            "timeouts": null
          },
          "private": "eyJlMmJmYjczMC1lY2FhLTExZTYtOGY4OC0zNDM2M2JjN2M0YzAiOnsiY3JlYXRlIjoyNDAwMDAwMDAwMDAsImRlbGV0ZSI6MjQwMDAwMDAwMDAwfSwic2NoZW1hX3ZlcnNpb24iOiIxIn0=",
          "dependencies": [
            "module.network.module.vpc.google_compute_network.network"
          ]
        }
      ]
    },
    {
      "mode": "managed",
      "type": "google_compute_instance_template",
      "name": "instance_template_ps",
      "provider": "provider.google",
      "instances": [
        {
          "schema_version": 1,
          "attributes": {
            "can_ip_forward": false,
            "description": "Stateful Managed Instance group for Postgresql",
            "disk": [
              {
                "auto_delete": true,
                "boot": true,
                "device_name": "persistent-disk-0",
                "disk_encryption_key": [],
                "disk_name": "",
                "disk_size_gb": 0,
                "disk_type": "pd-standard",
                "interface": "SCSI",
                "labels": {},
                "mode": "READ_WRITE",
                "source": "",
                "source_image": "projects/ubuntu-os-cloud/global/images/family/ubuntu-1604-lts",
                "type": "PERSISTENT"
              },
              {
                "auto_delete": false,
                "boot": false,
                "device_name": "postgresql-persdisk-core-share",
                "disk_encryption_key": [],
                "disk_name": "",
                "disk_size_gb": 10,
                "disk_type": "pd-standard",
                "interface": "SCSI",
                "labels": {},
                "mode": "READ_WRITE",
                "source": "",
                "source_image": "",
                "type": "PERSISTENT"
              }
            ],
            "enable_display": null,
            "guest_accelerator": [],
            "id": "projects/otl-eng-core-share-ops/global/instanceTemplates/postgresqltemplate-core-share",
            "instance_description": "Postgresql in Stateful Deployment",
            "labels": {
              "environment": "prod",
              "tier": "backend"
            },
            "machine_type": "f1-micro",
            "metadata": {
              "foo": "bar"
            },
            "metadata_fingerprint": "JIkioRx_aIg=",
            "metadata_startup_script": null,
            "min_cpu_platform": "",
            "name": "postgresqltemplate-core-share",
            "name_prefix": null,
            "network_interface": [
              {
                "access_config": [],
                "alias_ip_range": [],
                "name": "",
                "network": "https://www.googleapis.com/compute/v1/projects/otl-eng-core-share-ops/global/networks/core-share",
                "network_ip": "",
                "subnetwork": "https://www.googleapis.com/compute/v1/projects/otl-eng-core-share-ops/regions/us-central1/subnetworks/subnet-priv-re1",
                "subnetwork_project": "otl-eng-core-share-ops"
              }
            ],
            "project": "otl-eng-core-share-ops",
            "region": "us-central1",
            "scheduling": [
              {
                "automatic_restart": true,
                "node_affinities": [],
                "on_host_maintenance": "MIGRATE",
                "preemptible": false
              }
            ],
            "self_link": "https://www.googleapis.com/compute/beta/projects/otl-eng-core-share-ops/global/instanceTemplates/postgresqltemplate-core-share",
            "service_account": [
              {
                "email": "default",
                "scopes": [
                  "https://www.googleapis.com/auth/compute.readonly",
                  "https://www.googleapis.com/auth/devstorage.read_only",
                  "https://www.googleapis.com/auth/userinfo.email"
                ]
              }
            ],
            "shielded_instance_config": [],
            "tags": [
              "backend",
              "postgresql"
            ],
            "tags_fingerprint": "",
            "timeouts": null
          },
          "private": "eyJlMmJmYjczMC1lY2FhLTExZTYtOGY4OC0zNDM2M2JjN2M0YzAiOnsiY3JlYXRlIjoyNDAwMDAwMDAwMDAsImRlbGV0ZSI6MjQwMDAwMDAwMDAwfSwic2NoZW1hX3ZlcnNpb24iOiIxIn0=",
          "dependencies": [
            "module.network.module.vpc.google_compute_network.network"
          ]
        }
      ]
    },
    {
      "module": "module.network.module.vpc",
      "mode": "managed",
      "type": "google_compute_network",
      "name": "network",
      "provider": "provider.google",
      "instances": [
        {
          "schema_version": 0,
          "attributes": {
            "auto_create_subnetworks": false,
            "delete_default_routes_on_create": false,
            "description": "",
            "gateway_ipv4": "",
            "id": "projects/otl-eng-core-share-ops/global/networks/core-share",
            "ipv4_range": null,
            "name": "core-share",
            "project": "otl-eng-core-share-ops",
            "routing_mode": "GLOBAL",
            "self_link": "https://www.googleapis.com/compute/v1/projects/otl-eng-core-share-ops/global/networks/core-share",
            "timeouts": null
          },
          "private": "eyJlMmJmYjczMC1lY2FhLTExZTYtOGY4OC0zNDM2M2JjN2M0YzAiOnsiY3JlYXRlIjoyNDAwMDAwMDAwMDAsImRlbGV0ZSI6MjQwMDAwMDAwMDAwLCJ1cGRhdGUiOjI0MDAwMDAwMDAwMH19"
        }
      ]
    },
    {
      "mode": "managed",
      "type": "google_compute_region_autoscaler",
      "name": "autoscaler_bas",
      "each": "list",
      "provider": "provider.google",
      "instances": [
        {
          "index_key": 0,
          "schema_version": 0,
          "attributes": {
            "autoscaling_policy": [
              {
                "cooldown_period": 60,
                "cpu_utilization": [
                  {
                    "target": 0.9
                  }
                ],
                "load_balancing_utilization": [],
                "max_replicas": 1,
                "metric": [],
                "min_replicas": 1
              }
            ],
            "creation_timestamp": "2020-06-22T08:36:57.973-07:00",
            "description": "",
            "id": "projects/otl-eng-core-share-ops/regions/us-central1/autoscalers/bastion-autoscaler",
            "name": "bastion-autoscaler",
            "project": "otl-eng-core-share-ops",
            "region": "https://www.googleapis.com/compute/v1/projects/otl-eng-core-share-ops/regions/us-central1",
            "self_link": "https://www.googleapis.com/compute/v1/projects/otl-eng-core-share-ops/regions/us-central1/autoscalers/bastion-autoscaler",
            "target": "https://www.googleapis.com/compute/v1/projects/otl-eng-core-share-ops/regions/us-central1/instanceGroupManagers/bastion-group-manager",
            "timeouts": null
          },
          "private": "eyJlMmJmYjczMC1lY2FhLTExZTYtOGY4OC0zNDM2M2JjN2M0YzAiOnsiY3JlYXRlIjoyNDAwMDAwMDAwMDAsImRlbGV0ZSI6MjQwMDAwMDAwMDAwLCJ1cGRhdGUiOjI0MDAwMDAwMDAwMH19",
          "dependencies": [
            "google_compute_address.static",
            "google_compute_instance_template.instance_template_bas",
            "google_compute_region_instance_group_manager.instance_group_manager_bas",
            "module.network.module.vpc.google_compute_network.network"
          ]
        }
      ]
    },
    {
      "mode": "managed",
      "type": "google_compute_region_instance_group_manager",
      "name": "instance_group_manager_bas",
      "provider": "provider.google",
      "instances": [
        {
          "schema_version": 0,
          "attributes": {
            "auto_healing_policies": [],
            "base_instance_name": "bastion-group-manager",
            "description": "",
            "distribution_policy_zones": [
              "us-central1-b",
              "us-central1-c",
              "us-central1-f"
            ],
            "fingerprint": "QPvoZDc5szs=",
            "id": "projects/otl-eng-core-share-ops/regions/us-central1/instanceGroupManagers/bastion-group-manager",
            "instance_group": "https://www.googleapis.com/compute/v1/projects/otl-eng-core-share-ops/regions/us-central1/instanceGroups/bastion-group-manager",
            "instance_template": null,
            "name": "bastion-group-manager",
            "named_port": [],
            "project": "otl-eng-core-share-ops",
            "region": "us-central1",
            "self_link": "https://www.googleapis.com/compute/v1/projects/otl-eng-core-share-ops/regions/us-central1/instanceGroupManagers/bastion-group-manager",
            "target_pools": [],
            "target_size": 1,
            "timeouts": null,
            "update_policy": [
              {
                "instance_redistribution_type": "PROACTIVE",
                "max_surge_fixed": 3,
                "max_surge_percent": 0,
                "max_unavailable_fixed": 3,
                "max_unavailable_percent": 0,
                "min_ready_sec": 0,
                "minimal_action": "REPLACE",
                "type": "OPPORTUNISTIC"
              }
            ],
            "update_strategy": null,
            "version": [
              {
                "instance_template": "https://www.googleapis.com/compute/v1/projects/otl-eng-core-share-ops/global/instanceTemplates/bastion-core-share-1",
                "name": "",
                "target_size": []
              }
            ],
            "wait_for_instances": false
          },
          "private": "eyJlMmJmYjczMC1lY2FhLTExZTYtOGY4OC0zNDM2M2JjN2M0YzAiOnsiY3JlYXRlIjozMDAwMDAwMDAwMDAsImRlbGV0ZSI6OTAwMDAwMDAwMDAwLCJ1cGRhdGUiOjMwMDAwMDAwMDAwMH19",
          "dependencies": [
            "google_compute_address.static",
            "google_compute_instance_template.instance_template_bas",
            "module.network.module.vpc.google_compute_network.network"
          ]
        }
      ]
    },
    {
      "mode": "managed",
      "type": "google_compute_region_instance_group_manager",
      "name": "instance_group_manager_es",
      "provider": "provider.google-beta",
      "instances": [
        {
          "schema_version": 0,
          "attributes": {
            "auto_healing_policies": [],
            "base_instance_name": "elasticsearch-group-manager",
            "description": "",
            "distribution_policy_zones": [
              "us-central1-b",
              "us-central1-c",
              "us-central1-f"
            ],
            "fingerprint": "e_4_rILLj-w=",
            "id": "projects/otl-eng-core-share-ops/regions/us-central1/instanceGroupManagers/elasticsearch-group-manager",
            "instance_group": "https://www.googleapis.com/compute/v1/projects/otl-eng-core-share-ops/regions/us-central1/instanceGroups/elasticsearch-group-manager",
            "instance_template": null,
            "name": "elasticsearch-group-manager",
            "named_port": [],
            "project": "otl-eng-core-share-ops",
            "region": "us-central1",
            "self_link": "https://www.googleapis.com/compute/v1/projects/otl-eng-core-share-ops/regions/us-central1/instanceGroupManagers/elasticsearch-group-manager",
            "stateful_disk": [
              {
                "delete_rule": "NEVER",
                "device_name": "elasticsearch-persdisk-core-share"
              }
            ],
            "target_pools": [],
            "target_size": 2,
            "timeouts": null,
            "update_policy": [
              {
                "instance_redistribution_type": "NONE",
                "max_surge_fixed": 3,
                "max_surge_percent": 0,
                "max_unavailable_fixed": 0,
                "max_unavailable_percent": 0,
                "min_ready_sec": 0,
                "minimal_action": "REPLACE",
                "type": "OPPORTUNISTIC"
              }
            ],
            "update_strategy": null,
            "version": [
              {
                "instance_template": "https://www.googleapis.com/compute/v1/projects/otl-eng-core-share-ops/global/instanceTemplates/elasticsearchtemplate-core-share",
                "name": "",
                "target_size": []
              }
            ],
            "wait_for_instances": false
          },
          "private": "eyJlMmJmYjczMC1lY2FhLTExZTYtOGY4OC0zNDM2M2JjN2M0YzAiOnsiY3JlYXRlIjozMDAwMDAwMDAwMDAsImRlbGV0ZSI6OTAwMDAwMDAwMDAwLCJ1cGRhdGUiOjMwMDAwMDAwMDAwMH19",
          "dependencies": [
            "google_compute_instance_template.instance_template_es",
            "module.network.module.vpc.google_compute_network.network"
          ]
        }
      ]
    },
    {
      "mode": "managed",
      "type": "google_compute_region_instance_group_manager",
      "name": "instance_group_manager_ps",
      "provider": "provider.google-beta",
      "instances": [
        {
          "schema_version": 0,
          "attributes": {
            "auto_healing_policies": [],
            "base_instance_name": "postgresql-group-manager",
            "description": "",
            "distribution_policy_zones": [
              "us-central1-b",
              "us-central1-c",
              "us-central1-f"
            ],
            "fingerprint": "c6C4InTr6ok=",
            "id": "projects/otl-eng-core-share-ops/regions/us-central1/instanceGroupManagers/postgresql-group-manager",
            "instance_group": "https://www.googleapis.com/compute/v1/projects/otl-eng-core-share-ops/regions/us-central1/instanceGroups/postgresql-group-manager",
            "instance_template": null,
            "name": "postgresql-group-manager",
            "named_port": [],
            "project": "otl-eng-core-share-ops",
            "region": "us-central1",
            "self_link": "https://www.googleapis.com/compute/v1/projects/otl-eng-core-share-ops/regions/us-central1/instanceGroupManagers/postgresql-group-manager",
            "stateful_disk": [
              {
                "delete_rule": "NEVER",
                "device_name": "postgresql-persdisk-core-share"
              }
            ],
            "target_pools": [],
            "target_size": 2,
            "timeouts": null,
            "update_policy": [
              {
                "instance_redistribution_type": "NONE",
                "max_surge_fixed": 3,
                "max_surge_percent": 0,
                "max_unavailable_fixed": 0,
                "max_unavailable_percent": 0,
                "min_ready_sec": 0,
                "minimal_action": "REPLACE",
                "type": "OPPORTUNISTIC"
              }
            ],
            "update_strategy": null,
            "version": [
              {
                "instance_template": "https://www.googleapis.com/compute/v1/projects/otl-eng-core-share-ops/global/instanceTemplates/postgresqltemplate-core-share",
                "name": "",
                "target_size": []
              }
            ],
            "wait_for_instances": false
          },
          "private": "eyJlMmJmYjczMC1lY2FhLTExZTYtOGY4OC0zNDM2M2JjN2M0YzAiOnsiY3JlYXRlIjozMDAwMDAwMDAwMDAsImRlbGV0ZSI6OTAwMDAwMDAwMDAwLCJ1cGRhdGUiOjMwMDAwMDAwMDAwMH19",
          "dependencies": [
            "google_compute_instance_template.instance_template_ps",
            "module.network.module.vpc.google_compute_network.network"
          ]
        }
      ]
    },
    {
      "module": "module.network_routes",
      "mode": "managed",
      "type": "google_compute_route",
      "name": "route",
      "each": "map",
      "provider": "provider.google",
      "instances": [
        {
          "index_key": "egress-internet",
          "schema_version": 0,
          "attributes": {
            "description": "Route through IGW to access internet",
            "dest_range": "0.0.0.0/0",
            "id": "projects/otl-eng-core-share-ops/global/routes/egress-internet",
            "name": "egress-internet",
            "network": "https://www.googleapis.com/compute/v1/projects/otl-eng-core-share-ops/global/networks/core-share",
            "next_hop_gateway": "https://www.googleapis.com/compute/v1/projects/otl-eng-core-share-ops/global/gateways/default-internet-gateway",
            "next_hop_ilb": "",
            "next_hop_instance": "",
            "next_hop_instance_zone": null,
            "next_hop_ip": "",
            "next_hop_network": "",
            "next_hop_vpn_tunnel": "",
            "priority": 1000,
            "project": "otl-eng-core-share-ops",
            "self_link": "https://www.googleapis.com/compute/v1/projects/otl-eng-core-share-ops/global/routes/egress-internet",
            "tags": [
              "egress-intet"
            ],
            "timeouts": null
          },
          "private": "eyJlMmJmYjczMC1lY2FhLTExZTYtOGY4OC0zNDM2M2JjN2M0YzAiOnsiY3JlYXRlIjoyNDAwMDAwMDAwMDAsImRlbGV0ZSI6MjQwMDAwMDAwMDAwfX0=",
          "dependencies": [
            "module.network.module.vpc.google_compute_network.network"
          ]
        }
      ]
    },
    {
      "module": "module.network.module.routes",
      "mode": "managed",
      "type": "google_compute_route",
      "name": "route",
      "each": "map",
      "provider": "provider.google",
      "instances": []
    },
    {
      "mode": "managed",
      "type": "google_compute_router",
      "name": "router",
      "provider": "provider.google",
      "instances": [
        {
          "schema_version": 0,
          "attributes": {
            "bgp": [
              {
                "advertise_mode": "DEFAULT",
                "advertised_groups": [],
                "advertised_ip_ranges": [],
                "asn": 64514
              }
            ],
            "creation_timestamp": "2020-06-22T08:36:09.456-07:00",
            "description": "",
            "id": "projects/otl-eng-core-share-ops/regions/us-central1/routers/router-core-share",
            "name": "router-core-share",
            "network": "https://www.googleapis.com/compute/v1/projects/otl-eng-core-share-ops/global/networks/core-share",
            "project": "otl-eng-core-share-ops",
            "region": "us-central1",
            "self_link": "https://www.googleapis.com/compute/v1/projects/otl-eng-core-share-ops/regions/us-central1/routers/router-core-share",
            "timeouts": null
          },
          "private": "eyJlMmJmYjczMC1lY2FhLTExZTYtOGY4OC0zNDM2M2JjN2M0YzAiOnsiY3JlYXRlIjoyNDAwMDAwMDAwMDAsImRlbGV0ZSI6MjQwMDAwMDAwMDAwLCJ1cGRhdGUiOjI0MDAwMDAwMDAwMH19",
          "dependencies": [
            "module.network.module.vpc.google_compute_network.network"
          ]
        }
      ]
    },
    {
      "mode": "managed",
      "type": "google_compute_router_nat",
      "name": "nat",
      "provider": "provider.google",
      "instances": [
        {
          "schema_version": 0,
          "attributes": {
            "drain_nat_ips": [],
            "icmp_idle_timeout_sec": 30,
            "id": "otl-eng-core-share-ops/us-central1/router-core-share/cloudnat-core-share",
            "log_config": [
              {
                "enable": true,
                "filter": "ERRORS_ONLY"
              }
            ],
            "min_ports_per_vm": 0,
            "name": "cloudnat-core-share",
            "nat_ip_allocate_option": "AUTO_ONLY",
            "nat_ips": [],
            "project": "otl-eng-core-share-ops",
            "region": null,
            "router": "router-core-share",
            "source_subnetwork_ip_ranges_to_nat": "LIST_OF_SUBNETWORKS",
            "subnetwork": [
              {
                "name": "https://www.googleapis.com/compute/v1/projects/otl-eng-core-share-ops/regions/us-central1/subnetworks/subnet-priv-re1",
                "secondary_ip_range_names": [],
                "source_ip_ranges_to_nat": [
                  "ALL_IP_RANGES"
                ]
              }
            ],
            "tcp_established_idle_timeout_sec": 1200,
            "tcp_transitory_idle_timeout_sec": 30,
            "timeouts": null,
            "udp_idle_timeout_sec": 30
          },
          "private": "eyJlMmJmYjczMC1lY2FhLTExZTYtOGY4OC0zNDM2M2JjN2M0YzAiOnsiY3JlYXRlIjo2MDAwMDAwMDAwMDAsImRlbGV0ZSI6NjAwMDAwMDAwMDAwLCJ1cGRhdGUiOjYwMDAwMDAwMDAwMH19",
          "dependencies": [
            "google_compute_router.router",
            "module.network.module.subnets.google_compute_subnetwork.subnetwork"
          ]
        }
      ]
    },
    {
      "module": "module.network.module.vpc",
      "mode": "managed",
      "type": "google_compute_shared_vpc_host_project",
      "name": "shared_vpc_host",
      "each": "list",
      "provider": "provider.google",
      "instances": []
    },
    {
      "module": "module.network.module.subnets",
      "mode": "managed",
      "type": "google_compute_subnetwork",
      "name": "subnetwork",
      "each": "map",
      "provider": "provider.google",
      "instances": [
        {
          "index_key": "us-central1/subnet-priv-re1",
          "schema_version": 0,
          "attributes": {
            "creation_timestamp": "2020-06-22T08:36:09.306-07:00",
            "description": "This is the Private Subnet",
            "enable_flow_logs": null,
            "fingerprint": null,
            "gateway_address": "10.26.1.1",
            "id": "projects/otl-eng-core-share-ops/regions/us-central1/subnetworks/subnet-priv-re1",
            "ip_cidr_range": "10.26.1.0/24",
            "log_config": [
              {
                "aggregation_interval": "INTERVAL_5_SEC",
                "flow_sampling": 0.5,
                "metadata": "INCLUDE_ALL_METADATA"
              }
            ],
            "name": "subnet-priv-re1",
            "network": "https://www.googleapis.com/compute/v1/projects/otl-eng-core-share-ops/global/networks/core-share",
            "private_ip_google_access": true,
            "project": "otl-eng-core-share-ops",
            "region": "us-central1",
            "secondary_ip_range": [],
            "self_link": "https://www.googleapis.com/compute/v1/projects/otl-eng-core-share-ops/regions/us-central1/subnetworks/subnet-priv-re1",
            "timeouts": null
          },
          "private": "eyJlMmJmYjczMC1lY2FhLTExZTYtOGY4OC0zNDM2M2JjN2M0YzAiOnsiY3JlYXRlIjozNjAwMDAwMDAwMDAsImRlbGV0ZSI6MzYwMDAwMDAwMDAwLCJ1cGRhdGUiOjM2MDAwMDAwMDAwMH19",
          "dependencies": [
            "module.network.module.vpc.google_compute_network.network"
          ]
        },
        {
          "index_key": "us-central1/subnet-pub-re1",
          "schema_version": 0,
          "attributes": {
            "creation_timestamp": "2020-06-22T08:36:09.555-07:00",
            "description": "This is the Public Subnet",
            "enable_flow_logs": null,
            "fingerprint": null,
            "gateway_address": "10.26.2.1",
            "id": "projects/otl-eng-core-share-ops/regions/us-central1/subnetworks/subnet-pub-re1",
            "ip_cidr_range": "10.26.2.0/24",
            "log_config": [
              {
                "aggregation_interval": "INTERVAL_5_SEC",
                "flow_sampling": 0.5,
                "metadata": "INCLUDE_ALL_METADATA"
              }
            ],
            "name": "subnet-pub-re1",
            "network": "https://www.googleapis.com/compute/v1/projects/otl-eng-core-share-ops/global/networks/core-share",
            "private_ip_google_access": false,
            "project": "otl-eng-core-share-ops",
            "region": "us-central1",
            "secondary_ip_range": [],
            "self_link": "https://www.googleapis.com/compute/v1/projects/otl-eng-core-share-ops/regions/us-central1/subnetworks/subnet-pub-re1",
            "timeouts": null
          },
          "private": "eyJlMmJmYjczMC1lY2FhLTExZTYtOGY4OC0zNDM2M2JjN2M0YzAiOnsiY3JlYXRlIjozNjAwMDAwMDAwMDAsImRlbGV0ZSI6MzYwMDAwMDAwMDAwLCJ1cGRhdGUiOjM2MDAwMDAwMDAwMH19",
          "dependencies": [
            "module.network.module.vpc.google_compute_network.network"
          ]
        },
        {
          "index_key": "us-east1/subnet-priv-re2",
          "schema_version": 0,
          "attributes": {
            "creation_timestamp": "2020-06-22T08:36:09.501-07:00",
            "description": "This is the Private Subnet",
            "enable_flow_logs": null,
            "fingerprint": null,
            "gateway_address": "10.26.3.1",
            "id": "projects/otl-eng-core-share-ops/regions/us-east1/subnetworks/subnet-priv-re2",
            "ip_cidr_range": "10.26.3.0/24",
            "log_config": [
              {
                "aggregation_interval": "INTERVAL_5_SEC",
                "flow_sampling": 0.5,
                "metadata": "INCLUDE_ALL_METADATA"
              }
            ],
            "name": "subnet-priv-re2",
            "network": "https://www.googleapis.com/compute/v1/projects/otl-eng-core-share-ops/global/networks/core-share",
            "private_ip_google_access": true,
            "project": "otl-eng-core-share-ops",
            "region": "us-east1",
            "secondary_ip_range": [],
            "self_link": "https://www.googleapis.com/compute/v1/projects/otl-eng-core-share-ops/regions/us-east1/subnetworks/subnet-priv-re2",
            "timeouts": null
          },
          "private": "eyJlMmJmYjczMC1lY2FhLTExZTYtOGY4OC0zNDM2M2JjN2M0YzAiOnsiY3JlYXRlIjozNjAwMDAwMDAwMDAsImRlbGV0ZSI6MzYwMDAwMDAwMDAwLCJ1cGRhdGUiOjM2MDAwMDAwMDAwMH19",
          "dependencies": [
            "module.network.module.vpc.google_compute_network.network"
          ]
        },
        {
          "index_key": "us-east1/subnet-pub-re2",
          "schema_version": 0,
          "attributes": {
            "creation_timestamp": "2020-06-22T08:36:09.576-07:00",
            "description": "This is the Public Subnet",
            "enable_flow_logs": null,
            "fingerprint": null,
            "gateway_address": "10.26.4.1",
            "id": "projects/otl-eng-core-share-ops/regions/us-east1/subnetworks/subnet-pub-re2",
            "ip_cidr_range": "10.26.4.0/24",
            "log_config": [
              {
                "aggregation_interval": "INTERVAL_5_SEC",
                "flow_sampling": 0.5,
                "metadata": "INCLUDE_ALL_METADATA"
              }
            ],
            "name": "subnet-pub-re2",
            "network": "https://www.googleapis.com/compute/v1/projects/otl-eng-core-share-ops/global/networks/core-share",
            "private_ip_google_access": false,
            "project": "otl-eng-core-share-ops",
            "region": "us-east1",
            "secondary_ip_range": [],
            "self_link": "https://www.googleapis.com/compute/v1/projects/otl-eng-core-share-ops/regions/us-east1/subnetworks/subnet-pub-re2",
            "timeouts": null
          },
          "private": "eyJlMmJmYjczMC1lY2FhLTExZTYtOGY4OC0zNDM2M2JjN2M0YzAiOnsiY3JlYXRlIjozNjAwMDAwMDAwMDAsImRlbGV0ZSI6MzYwMDAwMDAwMDAwLCJ1cGRhdGUiOjM2MDAwMDAwMDAwMH19",
          "dependencies": [
            "module.network.module.vpc.google_compute_network.network"
          ]
        }
      ]
    },
    {
      "module": "module.network_routes",
      "mode": "managed",
      "type": "null_resource",
      "name": "delete_default_internet_gateway_routes",
      "each": "list",
      "provider": "provider.null",
      "instances": []
    },
    {
      "module": "module.network.module.routes",
      "mode": "managed",
      "type": "null_resource",
      "name": "delete_default_internet_gateway_routes",
      "each": "list",
      "provider": "provider.null",
      "instances": []
    }
  ]
}
